PODS:
  - Alamofire (5.4.4)
  - DropDown (2.3.13)
  - JTAppleCalendar (8.0.3)
  - RxCocoa (6.2.0):
    - RxRelay (= 6.2.0)
    - RxSwift (= 6.2.0)
  - RxRelay (6.2.0):
    - RxSwift (= 6.2.0)
  - RxSwift (6.2.0)
  - SwiftyJSON (5.0.1)

DEPENDENCIES:
  - Alamofire
  - DropDown
  - JTAppleCalendar
  - RxCocoa
  - RxSwift
  - SwiftyJSON

SPEC REPOS:
  trunk:
    - Alamofire
    - DropDown
    - JTAppleCalendar
    - RxCocoa
    - RxRelay
    - RxSwift
    - SwiftyJSON

SPEC CHECKSUMS:
  Alamofire: f3b09a368f1582ab751b3fff5460276e0d2cf5c9
  DropDown: 8a2116376c1981888557f72ec2ffc9a5e0e456ec
  JTAppleCalendar: 932cadea40b1051beab10f67843451d48ba16c99
  RxCocoa: 4baf94bb35f2c0ab31bc0cb9f1900155f646ba42
  RxRelay: e72dbfd157807478401ef1982e1c61c945c94b2f
  RxSwift: d356ab7bee873611322f134c5f9ef379fa183d8f
  SwiftyJSON: 2f33a42c6fbc52764d96f13368585094bfd8aa5e

PODFILE CHECKSUM: ba89e0f40ba561fd31412cb14a252f540a4705d6

COCOAPODS: 1.11.2
